
Microsoft Visual Studio Solution File, Format Version 12.00
# Visual Studio Version 16
VisualStudioVersion = 16.0.28803.452
MinimumVisualStudioVersion = 10.0.40219.1
Project("{FAE04EC0-301F-11D3-BF4B-00C04F79EFBC}") = "TeaBagMaker", "TeaBagMaker\TeaBagMaker.csproj", "{95F0D2E6-9644-4C71-BEA5-420961B7ED5D}"
EndProject
Global
	GlobalSection(SolutionConfigurationPlatforms) = preSolution
		Debug|Any CPU = Debug|Any CPU
		Release|Any CPU = Release|Any CPU
	EndGlobalSection
	GlobalSection(ProjectConfigurationPlatforms) = postSolution
		{95F0D2E6-9644-4C71-BEA5-420961B7ED5D}.Debug|Any CPU.ActiveCfg = Debug|Any CPU
		{95F0D2E6-9644-4C71-BEA5-420961B7ED5D}.Debug|Any CPU.Build.0 = Debug|Any CPU
		{95F0D2E6-9644-4C71-BEA5-420961B7ED5D}.Release|Any CPU.ActiveCfg = Release|Any CPU
		{95F0D2E6-9644-4C71-BEA5-420961B7ED5D}.Release|Any CPU.Build.0 = Release|Any CPU
	EndGlobalSection
	GlobalSection(SolutionProperties) = preSolution
		HideSolutionNode = FALSE
	EndGlobalSection
	GlobalSection(ExtensibilityGlobals) = postSolution
		SolutionGuid = {0E641919-B8B4-479C-A4E7-82CEE070431F}
	EndGlobalSection
EndGlobal
